
Microsoft Visual Studio Solution File, Format Version 12.00
# Visual Studio Version 17
VisualStudioVersion = 17.6.33829.357
MinimumVisualStudioVersion = 10.0.40219.1
Project("{9A19103F-16F7-4668-BE54-9A1E7A4F7556}") = "DeviceMonitoring", "DeviceMonitoring.csproj", "{C9D1E579-AE04-4396-8271-F2BD6C29FBD8}"
EndProject
Project("{9A19103F-16F7-4668-BE54-9A1E7A4F7556}") = "DeviceMonitoring.Core", "..\DeviceMonitoring.Core\DeviceMonitoring.Core.csproj", "{A93C3578-7FA2-4449-B4EB-93E8843B10C4}"
EndProject
Project("{9A19103F-16F7-4668-BE54-9A1E7A4F7556}") = "DeviceMonitoring.Services", "..\DeviceMonitoring.Services\DeviceMonitoring.Services.csproj", "{4B16BCC6-6B8F-462D-AE4F-477EE1C5D70B}"
EndProject
Project("{FAE04EC0-301F-11D3-BF4B-00C04F79EFBC}") = "DeviceMonitoring.Data", "..\DeviceMonitoring.Data\DeviceMonitoring.Data.csproj", "{2D5F7987-2101-4527-8E08-C3429A2AA0CD}"
EndProject
Global
	GlobalSection(SolutionConfigurationPlatforms) = preSolution
		Debug|Any CPU = Debug|Any CPU
		Release|Any CPU = Release|Any CPU
	EndGlobalSection
	GlobalSection(ProjectConfigurationPlatforms) = postSolution
		{C9D1E579-AE04-4396-8271-F2BD6C29FBD8}.Debug|Any CPU.ActiveCfg = Debug|Any CPU
		{C9D1E579-AE04-4396-8271-F2BD6C29FBD8}.Debug|Any CPU.Build.0 = Debug|Any CPU
		{C9D1E579-AE04-4396-8271-F2BD6C29FBD8}.Release|Any CPU.ActiveCfg = Release|Any CPU
		{C9D1E579-AE04-4396-8271-F2BD6C29FBD8}.Release|Any CPU.Build.0 = Release|Any CPU
		{A93C3578-7FA2-4449-B4EB-93E8843B10C4}.Debug|Any CPU.ActiveCfg = Debug|Any CPU
		{A93C3578-7FA2-4449-B4EB-93E8843B10C4}.Debug|Any CPU.Build.0 = Debug|Any CPU
		{A93C3578-7FA2-4449-B4EB-93E8843B10C4}.Release|Any CPU.ActiveCfg = Release|Any CPU
		{A93C3578-7FA2-4449-B4EB-93E8843B10C4}.Release|Any CPU.Build.0 = Release|Any CPU
		{4B16BCC6-6B8F-462D-AE4F-477EE1C5D70B}.Debug|Any CPU.ActiveCfg = Debug|Any CPU
		{4B16BCC6-6B8F-462D-AE4F-477EE1C5D70B}.Debug|Any CPU.Build.0 = Debug|Any CPU
		{4B16BCC6-6B8F-462D-AE4F-477EE1C5D70B}.Release|Any CPU.ActiveCfg = Release|Any CPU
		{4B16BCC6-6B8F-462D-AE4F-477EE1C5D70B}.Release|Any CPU.Build.0 = Release|Any CPU
		{2D5F7987-2101-4527-8E08-C3429A2AA0CD}.Debug|Any CPU.ActiveCfg = Debug|Any CPU
		{2D5F7987-2101-4527-8E08-C3429A2AA0CD}.Debug|Any CPU.Build.0 = Debug|Any CPU
		{2D5F7987-2101-4527-8E08-C3429A2AA0CD}.Release|Any CPU.ActiveCfg = Release|Any CPU
		{2D5F7987-2101-4527-8E08-C3429A2AA0CD}.Release|Any CPU.Build.0 = Release|Any CPU
	EndGlobalSection
	GlobalSection(SolutionProperties) = preSolution
		HideSolutionNode = FALSE
	EndGlobalSection
	GlobalSection(ExtensibilityGlobals) = postSolution
		SolutionGuid = {A61850A4-AEA0-4DD8-B803-DCBE31328C14}
	EndGlobalSection
EndGlobal
